{
  "requires": true,
  "lockfileVersion": 1,
  "dependencies": {
    "@angular/material": {
      "version": "11.0.3",
      "resolved": "https://registry.npmjs.org/@angular/material/-/material-11.0.3.tgz",
      "integrity": "sha512-YTHmtKGwjAEFAOOmuivcwnINMPHxvM7iZQpTgZqDKNiqiv53cwry2Ctb54suRNT+D794z59D0/r+YocGkzFv3w==",
      "requires": {
        "tslib": "^2.0.0"
      }
    },
    "@ngrx/effects": {
      "version": "10.1.2",
      "resolved": "https://registry.npmjs.org/@ngrx/effects/-/effects-10.1.2.tgz",
      "integrity": "sha512-6pX6FEzLlqdbtFVMbCvscsaL6QC/L95e72JKj76Xz+8V77UTlpVsxWyMo7YU9pM4EXNpBGmOpMs2xKjfBfK05Q==",
      "requires": {
        "tslib": "^2.0.0"
      }
    },
    "@ngrx/store": {
      "version": "10.1.2",
      "resolved": "https://registry.npmjs.org/@ngrx/store/-/store-10.1.2.tgz",
      "integrity": "sha512-FUjN786ch4Qt9WgJ78ef7Yquq3mPCekgcWgZrs4ycZw1f+KdfTHLTk1bGDtO8A8CzOya5yTT7KhxbdVjbOS5ng==",
      "requires": {
        "tslib": "^2.0.0"
      }
    },
    "@ngrx/store-devtools": {
      "version": "10.1.2",
      "resolved": "https://registry.npmjs.org/@ngrx/store-devtools/-/store-devtools-10.1.2.tgz",
      "integrity": "sha512-HE681GuZ+lRgSXpgt7y7LKzsfu/+Tgy9yPZpaitvkhg+eCIjnN5Uvs1rWqETHYWnsKliW25yoqFUAVw+xb7hug==",
      "requires": {
        "tslib": "^2.0.0"
      }
    },
    "tslib": {
      "version": "2.0.3",
      "resolved": "https://registry.npmjs.org/tslib/-/tslib-2.0.3.tgz",
      "integrity": "sha512-uZtkfKblCEQtZKBF6EBXVZeQNl82yqtDQdv+eck8u7tdPxjLu2/lp5/uPW+um2tpuxINHWy3GhiccY7QgEaVHQ=="
    }
  }
}
